
Microsoft Visual Studio Solution File, Format Version 12.00
# Visual Studio Version 17
VisualStudioVersion = 17.0.32112.339
MinimumVisualStudioVersion = 10.0.40219.1
Project("{FAE04EC0-301F-11D3-BF4B-00C04F79EFBC}") = "Tic-Tac-Toe", "Tic-Tac-Toe\Tic-Tac-Toe.csproj", "{2F18CF9F-92D4-4CC1-9455-062541B9EF96}"
EndProject
Global
	GlobalSection(SolutionConfigurationPlatforms) = preSolution
		Debug|Any CPU = Debug|Any CPU
		Release|Any CPU = Release|Any CPU
	EndGlobalSection
	GlobalSection(ProjectConfigurationPlatforms) = postSolution
		{2F18CF9F-92D4-4CC1-9455-062541B9EF96}.Debug|Any CPU.ActiveCfg = Debug|Any CPU
		{2F18CF9F-92D4-4CC1-9455-062541B9EF96}.Debug|Any CPU.Build.0 = Debug|Any CPU
		{2F18CF9F-92D4-4CC1-9455-062541B9EF96}.Release|Any CPU.ActiveCfg = Release|Any CPU
		{2F18CF9F-92D4-4CC1-9455-062541B9EF96}.Release|Any CPU.Build.0 = Release|Any CPU
	EndGlobalSection
	GlobalSection(SolutionProperties) = preSolution
		HideSolutionNode = FALSE
	EndGlobalSection
	GlobalSection(ExtensibilityGlobals) = postSolution
		SolutionGuid = {D6B03A65-B0A7-4D56-812F-48395856552A}
	EndGlobalSection
EndGlobal
